{
  "nodes": {
    "brew-src": {
      "flake": false,
      "locked": {
        "lastModified": 1789312038,
        "narHash": "sha256-aspmbMiM4VH4tCDeOs1cLFQsW8zJrdOilD1Iaoem0oI=",
        "owner": "Homebrew",
        "repo": "brew",
        "rev": "b3625f73d3e3574c5789ee32eb7b06627b788ec4",
        "type": "github"
      },
      "original": {
        "owner": "Homebrew",
        "ref": "7.0.1",
        "repo": "brew",
        "type": "github"
      }
    },
    "bun2nix": {
      "inputs": {
        "flake-parts": [
          "llm-agents",
          "flake-parts"
        ],
        "nixpkgs": [
          "llm-agents",
          "nixpkgs"
        ],
        "systems": [
          "llm-agents",
          "systems"
        ],
        "treefmt-nix": [
          "llm-agents",
          "treefmt-nix"
        ]
      },
      "locked": {
        "lastModified": 1788011267,
        "narHash": "sha256-mEq2kU+ljompTToZ44Afvm7d/rHJ5iMBl0tjZuyShJs=",
        "owner": "Mic92",
        "repo": "bun2nix",
        "rev": "5765b0614591f75ee8ba5596e81ae85c167d1071",
        "type": "github"
      },
      "original": {
        "owner": "Mic92",
        "ref": "fix-structured-attrs-hook",
        "repo": "bun2nix",
        "type": "github"
      }
    },
    "flake-parts": {
      "inputs": {
        "nixpkgs-lib": [
          "llm-agents",
          "nixpkgs"
        ]
      },
      "locked": {
        "lastModified": 1788450739,
        "narHash": "sha256-glZLQlzIn1fXH6PazR2iUmTo7kzzyYSshrWhLS9TqCU=",
        "owner": "hercules-ci",
        "repo": "flake-parts",
        "rev": "31729ca8cbdb4fa927b34e5f4353e6a83f39e993",
        "type": "github"
      },
      "original": {
        "owner": "hercules-ci",
        "repo": "flake-parts",
        "type": "github"
      }
    },
    "home-manager": {
      "inputs": {
        "nixpkgs": [
          "nixpkgs"
        ]
      },
      "locked": {
        "lastModified": 1789978077,
        "narHash": "sha256-p/e37FfVifxJQJM7OiiVbUXdpj6eXmOJk34TKLKyYe4=",
        "owner": "nix-community",
        "repo": "home-manager",
        "rev": "a26f7158fbc4aa740fcc7fa79a01e1ed29910bc2",
        "type": "github"
      },
      "original": {
        "owner": "nix-community",
        "repo": "home-manager",
        "type": "github"
      }
    },
    "homebrew-cask": {
      "flake": false,
      "locked": {
        "lastModified": 1789978980,
        "narHash": "sha256-+kLuRuEq5v1tDid+AjiO9RwAIf+oQbYQoQvOe8iBNOc=",
        "owner": "homebrew",
        "repo": "homebrew-cask",
        "rev": "7949941063321d6c75761af01f8698c372285da0",
        "type": "github"
      },
      "original": {
        "owner": "homebrew",
        "repo": "homebrew-cask",
        "type": "github"
      }
    },
    "homebrew-core": {
      "flake": false,
      "locked": {
        "lastModified": 1789981037,
        "narHash": "sha256-WJ6M+SdtLZKl+bHQxJMn5OL6EYysFQu0Ooh6AF5G/AI=",
        "owner": "homebrew",
        "repo": "homebrew-core",
        "rev": "e9e5cf8a29915ab95f2a49f33bc7443414ea020b",
        "type": "github"
      },
      "original": {
        "owner": "homebrew",
        "repo": "homebrew-core",
        "type": "github"
      }
    },
    "homebrew-orca": {
      "flake": false,
      "locked": {
        "lastModified": 1789944642,
        "narHash": "sha256-75BTHy5dAraGZAanfwnQkQxbbrqC9xZKaCdHcgEVF5I=",
        "owner": "stablyai",
        "repo": "homebrew-orca",
        "rev": "26abcbfec3217c3e9cf0151db2d5a0caf0d33c36",
        "type": "github"
      },
      "original": {
        "owner": "stablyai",
        "repo": "homebrew-orca",
        "type": "github"
      }
    },
    "homebrew-productdevbook": {
      "flake": false,
      "locked": {
        "lastModified": 1783067114,
        "narHash": "sha256-QxmXaW2VSlk+Bea8AHCu6oErgPY9jLPPkiCt3NKfpcA=",
        "owner": "productdevbook",
        "repo": "homebrew-tap",
        "rev": "01184d042ecbe1a22a9373070b6e6280ecd77b5b",
        "type": "github"
      },
      "original": {
        "owner": "productdevbook",
        "repo": "homebrew-tap",
        "type": "github"
      }
    },
    "llm-agents": {
      "inputs": {
        "bun2nix": "bun2nix",
        "flake-parts": "flake-parts",
        "nixpkgs": [
          "nixpkgs"
        ],
        "systems": "systems",
        "treefmt-nix": [
          "treefmt-nix"
        ]
      },
      "locked": {
        "lastModified": 1789981953,
        "narHash": "sha256-SCjI5+lIQdX6xG2atKgKvpFC3+3iW3Wp2htY2zRzvjY=",
        "owner": "numtide",
        "repo": "llm-agents.nix",
        "rev": "2db27e8a8e019ff6b1a2f7bdb4e3e4eb69caec11",
        "type": "github"
      },
      "original": {
        "owner": "numtide",
        "repo": "llm-agents.nix",
        "type": "github"
      }
    },
    "mcp-servers-nix": {
      "inputs": {
        "nixpkgs": [
          "nixpkgs"
        ]
      },
      "locked": {
        "lastModified": 1789959225,
        "narHash": "sha256-6fnYEs7NwsguAYXsx/x4ukGBoHlV9K+KY9C97gevrVc=",
        "owner": "natsukium",
        "repo": "mcp-servers-nix",
        "rev": "6577b26a337efd8ea6f581f64f200d07634cd6e1",
        "type": "github"
      },
      "original": {
        "owner": "natsukium",
        "repo": "mcp-servers-nix",
        "type": "github"
      }
    },
    "nix-darwin": {
      "inputs": {
        "nixpkgs": [
          "nixpkgs"
        ]
      },
      "locked": {
        "lastModified": 1786845137,
        "narHash": "sha256-oQFip+v0luP8NIxJzmiW4Wu8bILsbFWom5l0zonl8hQ=",
        "owner": "LnL7",
        "repo": "nix-darwin",
        "rev": "4cff07de74b50e64bdd68cd4e722ab5b6b35ee48",
        "type": "github"
      },
      "original": {
        "owner": "LnL7",
        "repo": "nix-darwin",
        "type": "github"
      }
    },
    "nix-homebrew": {
      "inputs": {
        "brew-src": [
          "brew-src"
        ]
      },
      "locked": {
        "lastModified": 1789928041,
        "narHash": "sha256-iV37ieTcE4ZLOYEe0VznW6dWMBe4lEL8AbK1vblyZGM=",
        "owner": "zhaofengli",
        "repo": "nix-homebrew",
        "rev": "c11cccfdd36dd69b5323d70d354b2853379c2426",
        "type": "github"
      },
      "original": {
        "owner": "zhaofengli",
        "repo": "nix-homebrew",
        "type": "github"
      }
    },
    "nixpkgs": {
      "locked": {
        "lastModified": 1789754019,
        "narHash": "sha256-N8gMcziRWB1CnSykjQPuf8lQKDD69LjnURRzaNXoPb4=",
        "owner": "NixOS",
        "repo": "nixpkgs",
        "rev": "2e032a04454b525daa6c6651264aaa5d3e98cf54",
        "type": "github"
      },
      "original": {
        "owner": "NixOS",
        "ref": "nixpkgs-unstable",
        "repo": "nixpkgs",
        "type": "github"
      }
    },
    "nu-scripts": {
      "flake": false,
      "locked": {
        "lastModified": 1789906887,
        "narHash": "sha256-LKONPdLlXfDZ03tEHiJ7rH49vwPHaiFIE0Zvi3bh+UY=",
        "owner": "nushell",
        "repo": "nu_scripts",
        "rev": "a571833566d71671151566e1a2cda4e6338f27bb",
        "type": "github"
      },
      "original": {
        "owner": "nushell",
        "repo": "nu_scripts",
        "type": "github"
      }
    },
    "root": {
      "inputs": {
        "brew-src": "brew-src",
        "home-manager": "home-manager",
        "homebrew-cask": "homebrew-cask",
        "homebrew-core": "homebrew-core",
        "homebrew-orca": "homebrew-orca",
        "homebrew-productdevbook": "homebrew-productdevbook",
        "llm-agents": "llm-agents",
        "mcp-servers-nix": "mcp-servers-nix",
        "nix-darwin": "nix-darwin",
        "nix-homebrew": "nix-homebrew",
        "nixpkgs": "nixpkgs",
        "nu-scripts": "nu-scripts",
        "skill-skill-skill": "skill-skill-skill",
        "treefmt-nix": "treefmt-nix",
        "vscode-settings": "vscode-settings"
      }
    },
    "skill-skill-skill": {
      "flake": false,
      "locked": {
        "lastModified": 1788526713,
        "narHash": "sha256-QmfamX3fYTjM1RQaRuZ3GetOrrNo8LPjyGS8QzR6Vss=",
        "owner": "naitokosuke",
        "repo": "skill-skill-skill",
        "rev": "fdfab34f0584267cd2f19568b09714de68c60ae8",
        "type": "github"
      },
      "original": {
        "owner": "naitokosuke",
        "repo": "skill-skill-skill",
        "type": "github"
      }
    },
    "systems": {
      "locked": {
        "lastModified": 1681028828,
        "narHash": "sha256-Vy1rq5AaRuLzOxct8nz4T6wlgyUR7zLU309k9mBC768=",
        "owner": "nix-systems",
        "repo": "default",
        "rev": "da67096a3b9bf56a91d16901293e51ba5b49a27e",
        "type": "github"
      },
      "original": {
        "owner": "nix-systems",
        "repo": "default",
        "type": "github"
      }
    },
    "treefmt-nix": {
      "inputs": {
        "nixpkgs": [
          "nixpkgs"
        ]
      },
      "locked": {
        "lastModified": 1786901030,
        "narHash": "sha256-WSFCsDSE5ffgD2MqzkM2CYjeFiKhRF/dJUN8uedb6YE=",
        "owner": "numtide",
        "repo": "treefmt-nix",
        "rev": "27b3b12a8e6375f28ebe122f07d230ca5459bbfa",
        "type": "github"
      },
      "original": {
        "owner": "numtide",
        "repo": "treefmt-nix",
        "type": "github"
      }
    },
    "vscode-settings": {
      "flake": false,
      "locked": {
        "lastModified": 1780909052,
        "narHash": "sha256-IN9+818l2aSQM3bt3jw+fypGUJcm0ex1vlNCeJmwyd0=",
        "owner": "naitokosuke",
        "repo": "vscode-settings",
        "rev": "11cc8cd2eae87de1fe0461888fafccbfdb557bc6",
        "type": "github"
      },
      "original": {
        "owner": "naitokosuke",
        "repo": "vscode-settings",
        "type": "github"
      }
    }
  },
  "root": "root",
  "version": 7
}
