{
  "nodes": {
    "brew-src": {
      "flake": false,
      "locked": {
        "lastModified": 1789312038,
        "narHash": "sha256-aspmbMiM4VH4tCDeOs1cLFQsW8zJrdOilD1Iaoem0oI=",
        "owner": "Homebrew",
        "repo": "brew",
        "rev": "b3625f73d3e3574c5789ee32eb7b06627b788ec4",
        "type": "github"
      },
      "original": {
        "owner": "Homebrew",
        "ref": "7.0.1",
        "repo": "brew",
        "type": "github"
      }
    },
    "bun2nix": {
      "inputs": {
        "flake-parts": [
          "llm-agents",
          "flake-parts"
        ],
        "nixpkgs": [
          "llm-agents",
          "nixpkgs"
        ],
        "systems": [
          "llm-agents",
          "systems"
        ],
        "treefmt-nix": [
          "llm-agents",
          "treefmt-nix"
        ]
      },
      "locked": {
        "lastModified": 1788011267,
        "narHash": "sha256-mEq2kU+ljompTToZ44Afvm7d/rHJ5iMBl0tjZuyShJs=",
        "owner": "Mic92",
        "repo": "bun2nix",
        "rev": "5765b0614591f75ee8ba5596e81ae85c167d1071",
        "type": "github"
      },
      "original": {
        "owner": "Mic92",
        "ref": "fix-structured-attrs-hook",
        "repo": "bun2nix",
        "type": "github"
      }
    },
    "flake-parts": {
      "inputs": {
        "nixpkgs-lib": [
          "llm-agents",
          "nixpkgs"
        ]
      },
      "locked": {
        "lastModified": 1788450739,
        "narHash": "sha256-glZLQlzIn1fXH6PazR2iUmTo7kzzyYSshrWhLS9TqCU=",
        "owner": "hercules-ci",
        "repo": "flake-parts",
        "rev": "31729ca8cbdb4fa927b34e5f4353e6a83f39e993",
        "type": "github"
      },
      "original": {
        "owner": "hercules-ci",
        "repo": "flake-parts",
        "type": "github"
      }
    },
    "home-manager": {
      "inputs": {
        "nixpkgs": [
          "nixpkgs"
        ]
      },
      "locked": {
        "lastModified": 1789695075,
        "narHash": "sha256-HREFWgmCTp28ZdMkSFOW2QW8uI17v5CNc04W46h6aPo=",
        "owner": "nix-community",
        "repo": "home-manager",
        "rev": "4ac5a2ae9025eab1ebece4f9df8c315fd84a738a",
        "type": "github"
      },
      "original": {
        "owner": "nix-community",
        "repo": "home-manager",
        "type": "github"
      }
    },
    "homebrew-cask": {
      "flake": false,
      "locked": {
        "lastModified": 1789733189,
        "narHash": "sha256-SUXgYX4GiFGcqA+PGtXG0Jce32iF6Gfk9jSR14tgiMc=",
        "owner": "homebrew",
        "repo": "homebrew-cask",
        "rev": "af2e9d7e961bfc9d61771f69c56f69037921078c",
        "type": "github"
      },
      "original": {
        "owner": "homebrew",
        "repo": "homebrew-cask",
        "type": "github"
      }
    },
    "homebrew-core": {
      "flake": false,
      "locked": {
        "lastModified": 1789736431,
        "narHash": "sha256-2vzEYyJ8hK/CVvvg06QW3T/Z95/bSVpBeIGlSa+XAYI=",
        "owner": "homebrew",
        "repo": "homebrew-core",
        "rev": "a602960faf79940944b2fb8c0e516fe76d362e43",
        "type": "github"
      },
      "original": {
        "owner": "homebrew",
        "repo": "homebrew-core",
        "type": "github"
      }
    },
    "homebrew-orca": {
      "flake": false,
      "locked": {
        "lastModified": 1789621208,
        "narHash": "sha256-/Kh4v7DFe+E5p31IQ2jKC8bWg7MH7Ie5tBFTKlFHBjA=",
        "owner": "stablyai",
        "repo": "homebrew-orca",
        "rev": "d87ac1b9d74cefe15bd8928cdc5f7e7134ad06aa",
        "type": "github"
      },
      "original": {
        "owner": "stablyai",
        "repo": "homebrew-orca",
        "type": "github"
      }
    },
    "homebrew-productdevbook": {
      "flake": false,
      "locked": {
        "lastModified": 1783067114,
        "narHash": "sha256-QxmXaW2VSlk+Bea8AHCu6oErgPY9jLPPkiCt3NKfpcA=",
        "owner": "productdevbook",
        "repo": "homebrew-tap",
        "rev": "01184d042ecbe1a22a9373070b6e6280ecd77b5b",
        "type": "github"
      },
      "original": {
        "owner": "productdevbook",
        "repo": "homebrew-tap",
        "type": "github"
      }
    },
    "llm-agents": {
      "inputs": {
        "bun2nix": "bun2nix",
        "flake-parts": "flake-parts",
        "nixpkgs": [
          "nixpkgs"
        ],
        "systems": "systems",
        "treefmt-nix": [
          "treefmt-nix"
        ]
      },
      "locked": {
        "lastModified": 1789722857,
        "narHash": "sha256-EsZGNrQiCZDI+yV/4Eyrjb7Blsd7ZB5995Nkp3eHDBc=",
        "owner": "numtide",
        "repo": "llm-agents.nix",
        "rev": "ddc89534b9a73cd99ff4d33656569ce3be6e6490",
        "type": "github"
      },
      "original": {
        "owner": "numtide",
        "repo": "llm-agents.nix",
        "type": "github"
      }
    },
    "mcp-servers-nix": {
      "inputs": {
        "nixpkgs": [
          "nixpkgs"
        ]
      },
      "locked": {
        "lastModified": 1789726936,
        "narHash": "sha256-E+pyktDABgyZw80sx6dJLVJV9cTleHFUEGxLs882n0g=",
        "owner": "natsukium",
        "repo": "mcp-servers-nix",
        "rev": "36da68ab7d938aaad773bebea98c21e05a08b48b",
        "type": "github"
      },
      "original": {
        "owner": "natsukium",
        "repo": "mcp-servers-nix",
        "type": "github"
      }
    },
    "nix-darwin": {
      "inputs": {
        "nixpkgs": [
          "nixpkgs"
        ]
      },
      "locked": {
        "lastModified": 1786845137,
        "narHash": "sha256-oQFip+v0luP8NIxJzmiW4Wu8bILsbFWom5l0zonl8hQ=",
        "owner": "LnL7",
        "repo": "nix-darwin",
        "rev": "4cff07de74b50e64bdd68cd4e722ab5b6b35ee48",
        "type": "github"
      },
      "original": {
        "owner": "LnL7",
        "repo": "nix-darwin",
        "type": "github"
      }
    },
    "nix-homebrew": {
      "inputs": {
        "brew-src": [
          "brew-src"
        ]
      },
      "locked": {
        "lastModified": 1788981439,
        "narHash": "sha256-fEaFq0XgpgWFPLfpq1UK4/8ylHd2T0+fo6O3hKz1LUM=",
        "owner": "zhaofengli",
        "repo": "nix-homebrew",
        "rev": "09a921d0181146cf6163ec2cc1db7b6fd539a885",
        "type": "github"
      },
      "original": {
        "owner": "zhaofengli",
        "repo": "nix-homebrew",
        "type": "github"
      }
    },
    "nixpkgs": {
      "locked": {
        "lastModified": 1789632929,
        "narHash": "sha256-RjR8AyvGlWuw16XRj7C1YDEw4E27ciuyPeB2nDMzgTU=",
        "owner": "NixOS",
        "repo": "nixpkgs",
        "rev": "a32edd7654519351e48e80372a928df336394670",
        "type": "github"
      },
      "original": {
        "owner": "NixOS",
        "ref": "nixpkgs-unstable",
        "repo": "nixpkgs",
        "type": "github"
      }
    },
    "nu-scripts": {
      "flake": false,
      "locked": {
        "lastModified": 1787656855,
        "narHash": "sha256-vW8Lz9MQwIT7WKv2ZkVTiq+398p20RszGZhIZ3I2kq8=",
        "owner": "nushell",
        "repo": "nu_scripts",
        "rev": "cee236cf46a597b43f36b56ccee5881fc0483c56",
        "type": "github"
      },
      "original": {
        "owner": "nushell",
        "repo": "nu_scripts",
        "type": "github"
      }
    },
    "root": {
      "inputs": {
        "brew-src": "brew-src",
        "home-manager": "home-manager",
        "homebrew-cask": "homebrew-cask",
        "homebrew-core": "homebrew-core",
        "homebrew-orca": "homebrew-orca",
        "homebrew-productdevbook": "homebrew-productdevbook",
        "llm-agents": "llm-agents",
        "mcp-servers-nix": "mcp-servers-nix",
        "nix-darwin": "nix-darwin",
        "nix-homebrew": "nix-homebrew",
        "nixpkgs": "nixpkgs",
        "nu-scripts": "nu-scripts",
        "skill-skill-skill": "skill-skill-skill",
        "treefmt-nix": "treefmt-nix",
        "vscode-settings": "vscode-settings"
      }
    },
    "skill-skill-skill": {
      "flake": false,
      "locked": {
        "lastModified": 1788526713,
        "narHash": "sha256-QmfamX3fYTjM1RQaRuZ3GetOrrNo8LPjyGS8QzR6Vss=",
        "owner": "naitokosuke",
        "repo": "skill-skill-skill",
        "rev": "fdfab34f0584267cd2f19568b09714de68c60ae8",
        "type": "github"
      },
      "original": {
        "owner": "naitokosuke",
        "repo": "skill-skill-skill",
        "type": "github"
      }
    },
    "systems": {
      "locked": {
        "lastModified": 1681028828,
        "narHash": "sha256-Vy1rq5AaRuLzOxct8nz4T6wlgyUR7zLU309k9mBC768=",
        "owner": "nix-systems",
        "repo": "default",
        "rev": "da67096a3b9bf56a91d16901293e51ba5b49a27e",
        "type": "github"
      },
      "original": {
        "owner": "nix-systems",
        "repo": "default",
        "type": "github"
      }
    },
    "treefmt-nix": {
      "inputs": {
        "nixpkgs": [
          "nixpkgs"
        ]
      },
      "locked": {
        "lastModified": 1786901030,
        "narHash": "sha256-WSFCsDSE5ffgD2MqzkM2CYjeFiKhRF/dJUN8uedb6YE=",
        "owner": "numtide",
        "repo": "treefmt-nix",
        "rev": "27b3b12a8e6375f28ebe122f07d230ca5459bbfa",
        "type": "github"
      },
      "original": {
        "owner": "numtide",
        "repo": "treefmt-nix",
        "type": "github"
      }
    },
    "vscode-settings": {
      "flake": false,
      "locked": {
        "lastModified": 1780909052,
        "narHash": "sha256-IN9+818l2aSQM3bt3jw+fypGUJcm0ex1vlNCeJmwyd0=",
        "owner": "naitokosuke",
        "repo": "vscode-settings",
        "rev": "11cc8cd2eae87de1fe0461888fafccbfdb557bc6",
        "type": "github"
      },
      "original": {
        "owner": "naitokosuke",
        "repo": "vscode-settings",
        "type": "github"
      }
    }
  },
  "root": "root",
  "version": 7
}
